
Microsoft Visual Studio Solution File, Format Version 12.00
# Visual Studio Version 17
VisualStudioVersion = 17.0.31919.166
MinimumVisualStudioVersion = 10.0.40219.1
Project("{FAE04EC0-301F-11D3-BF4B-00C04F79EFBC}") = "PlainOldStoreApp.Ui", "PlainOldStoreApp.Ui\PlainOldStoreApp.Ui.csproj", "{BCED0A29-B33E-473C-BFAC-895090B08986}"
EndProject
Project("{FAE04EC0-301F-11D3-BF4B-00C04F79EFBC}") = "PlainOldStoreApp.Tests", "PlainOldStoreApp.Tests\PlainOldStoreApp.Tests.csproj", "{871918B8-27AE-47E6-B701-2F186E511734}"
EndProject
Global
	GlobalSection(SolutionConfigurationPlatforms) = preSolution
		Debug|Any CPU = Debug|Any CPU
		Release|Any CPU = Release|Any CPU
	EndGlobalSection
	GlobalSection(ProjectConfigurationPlatforms) = postSolution
		{BCED0A29-B33E-473C-BFAC-895090B08986}.Debug|Any CPU.ActiveCfg = Debug|Any CPU
		{BCED0A29-B33E-473C-BFAC-895090B08986}.Debug|Any CPU.Build.0 = Debug|Any CPU
		{BCED0A29-B33E-473C-BFAC-895090B08986}.Release|Any CPU.ActiveCfg = Release|Any CPU
		{BCED0A29-B33E-473C-BFAC-895090B08986}.Release|Any CPU.Build.0 = Release|Any CPU
		{871918B8-27AE-47E6-B701-2F186E511734}.Debug|Any CPU.ActiveCfg = Debug|Any CPU
		{871918B8-27AE-47E6-B701-2F186E511734}.Debug|Any CPU.Build.0 = Debug|Any CPU
		{871918B8-27AE-47E6-B701-2F186E511734}.Release|Any CPU.ActiveCfg = Release|Any CPU
		{871918B8-27AE-47E6-B701-2F186E511734}.Release|Any CPU.Build.0 = Release|Any CPU
	EndGlobalSection
	GlobalSection(SolutionProperties) = preSolution
		HideSolutionNode = FALSE
	EndGlobalSection
	GlobalSection(ExtensibilityGlobals) = postSolution
		SolutionGuid = {25FB7DD7-764C-4B2E-95FF-7FAE25E33099}
	EndGlobalSection
EndGlobal
